<?xml version="1.0" encoding="UTF-8" standalone="yes" ?>
<CodeBlocks_project_file>
	<FileVersion major="1" minor="6" />
	<Project>
		<Option title="InverseWayLiberation" />
		<Option pch_mode="2" />
		<Option compiler="gcc" />
		<Build>
			<Target title="Release">
				<Option output="bin/Release/InverseWayLiberation" prefix_auto="1" extension_auto="1" />
				<Option object_output="obj/Release/" />
				<Option type="1" />
				<Option compiler="gcc" />
				<Compiler>
					<Add option="-O2" />
				</Compiler>
				<Linker>
					<Add option="-s" />
				</Linker>
			</Target>
		</Build>
		<Compiler>
			<Add option="-Wall" />
		</Compiler>
		<Unit filename="../Shadows/BW.fx" />
		<Unit filename="../Shadows/LightEngine.cpp" />
		<Unit filename="../Shadows/LightEngine.h" />
		<Unit filename="../Shadows/NonCopyable.h" />
		<Unit filename="../Shadows/PointLight.cpp" />
		<Unit filename="../Shadows/PointLight.h" />
		<Unit filename="../Shadows/Singleton.h" />
		<Unit filename="../Shadows/blurH.fx" />
		<Unit filename="../Shadows/blurV.fx" />
		<Unit filename="../Shadows/distort.fx" />
		<Unit filename="../Shadows/exemples/shadows2D/Shadows2D/Shadows2DContent/reductionEffect.fx" />
		<Unit filename="../Shadows/exemples/shadows2D/Shadows2D/Shadows2DContent/resolveShadowsEffect.fx" />
		<Unit filename="../Shadows/glsl_shadow_mapping/glmath.cpp" />
		<Unit filename="../Shadows/glsl_shadow_mapping/glmath.h" />
		<Unit filename="../Shadows/glsl_shadow_mapping/opengl_21_tutorials_win32_framework.cpp" />
		<Unit filename="../Shadows/glsl_shadow_mapping/opengl_21_tutorials_win32_framework.h" />
		<Unit filename="../Shadows/glsl_shadow_mapping/string.cpp" />
		<Unit filename="../Shadows/glsl_shadow_mapping/string.h" />
		<Unit filename="../Shadows/main.cpp" />
		<Unit filename="../Shadows/reduce.fx" />
		<Unit filename="../Shadows/shadow.fx" />
		<Unit filename="../Shadows/utils.h" />
		<Unit filename="../VertexShadows/main.cpp" />
		<Unit filename="data/style.css" />
		<Unit filename="fx/blurH.fx" />
		<Unit filename="fx/blurV.fx" />
		<Unit filename="fx/distort.fx" />
		<Unit filename="fx/reduce.fx" />
		<Unit filename="fx/shadow.fx" />
		<Unit filename="lvls/1.lvl" />
		<Unit filename="lvls/1.xvl" />
		<Unit filename="lvls/2.xvl" />
		<Unit filename="lvls/level_1.xvl" />
		<Unit filename="lvls/level_2.xvl" />
		<Unit filename="lvls/level_3.xvl" />
		<Unit filename="lvls/level_4.xvl" />
		<Unit filename="lvls/level_5.xvl" />
		<Unit filename="lvls/level_6.xvl" />
		<Unit filename="lvls/level_jmp.xvl" />
		<Unit filename="lvls/level_lot.xvl" />
		<Unit filename="lvls/save.xvl" />
		<Unit filename="old/lvls/1.xvl" />
		<Unit filename="old/lvls/2.xvl" />
		<Unit filename="old/lvls/level_1.xvl" />
		<Unit filename="old/lvls/save.xvl" />
		<Unit filename="scripts/contact.lua" />
		<Unit filename="scripts/lvl1.lua" />
		<Unit filename="scripts/test1.lua" />
		<Unit filename="src/App/App.cpp" />
		<Unit filename="src/App/App.h" />
		<Unit filename="src/App/InputManager.cpp" />
		<Unit filename="src/App/InputManager.h" />
		<Unit filename="src/App/SpyedKey.h" />
		<Unit filename="src/App/States/Configuration_State.cpp" />
		<Unit filename="src/App/States/Configuration_State.h" />
		<Unit filename="src/App/States/Editor_State.cpp" />
		<Unit filename="src/App/States/Editor_State.h" />
		<Unit filename="src/App/States/Game_State.cpp" />
		<Unit filename="src/App/States/Game_State.h" />
		<Unit filename="src/App/States/MainMenu_State.cpp" />
		<Unit filename="src/App/States/MainMenu_State.h" />
		<Unit filename="src/App/States/StartUp_State.cpp" />
		<Unit filename="src/App/States/StartUp_State.h" />
		<Unit filename="src/App/States/State.h" />
		<Unit filename="src/App/States/StateSystem.cpp" />
		<Unit filename="src/App/States/StateSystem.h" />
		<Unit filename="src/Editor/EditBox.cpp" />
		<Unit filename="src/Editor/EditBox.h" />
		<Unit filename="src/Editor/Editor.cpp" />
		<Unit filename="src/Editor/Editor.h" />
		<Unit filename="src/Editor/GUI/BasicBodyCreationWindow.cpp" />
		<Unit filename="src/Editor/GUI/BasicBodyCreationWindow.h" />
		<Unit filename="src/Editor/GUI/BodyScenario.cpp" />
		<Unit filename="src/Editor/GUI/BodyScenario.h" />
		<Unit filename="src/Editor/GUI/ColFilteringWindow.cpp" />
		<Unit filename="src/Editor/GUI/ColFilteringWindow.h" />
		<Unit filename="src/Editor/GUI/DecoCreationWindow.cpp" />
		<Unit filename="src/Editor/GUI/DecoCreationWindow.h" />
		<Unit filename="src/Editor/GUI/DecoScenario.cpp" />
		<Unit filename="src/Editor/GUI/DecoScenario.h" />
		<Unit filename="src/Editor/GUI/EmptyScenario.cpp" />
		<Unit filename="src/Editor/GUI/EmptyScenario.h" />
		<Unit filename="src/Editor/GUI/LevelWindow.cpp" />
		<Unit filename="src/Editor/GUI/LevelWindow.h" />
		<Unit filename="src/Editor/GUI/LuaConsoleWindow.cpp" />
		<Unit filename="src/Editor/GUI/LuaConsoleWindow.h" />
		<Unit filename="src/Editor/GUI/PointLightCreationWindow.cpp" />
		<Unit filename="src/Editor/GUI/PointLightCreationWindow.h" />
		<Unit filename="src/Editor/GUI/PointLightScenario.cpp" />
		<Unit filename="src/Editor/GUI/PointLightScenario.h" />
		<Unit filename="src/Editor/GUI/PolyCreationWindow.cpp" />
		<Unit filename="src/Editor/GUI/PolyCreationWindow.h" />
		<Unit filename="src/Editor/GUI/Scenario.cpp" />
		<Unit filename="src/Editor/GUI/Scenario.h" />
		<Unit filename="src/Editor/GUI/TexturesWindow.cpp" />
		<Unit filename="src/Editor/GUI/TexturesWindow.h" />
		<Unit filename="src/Editor/GUI/Window.cpp" />
		<Unit filename="src/Editor/GUI/Window.h" />
		<Unit filename="src/Entities/BaseBody.cpp" />
		<Unit filename="src/Entities/BaseBody.h" />
		<Unit filename="src/Entities/BasicBody.cpp" />
		<Unit filename="src/Entities/BasicBody.h" />
		<Unit filename="src/Entities/Deco.cpp" />
		<Unit filename="src/Entities/Deco.h" />
		<Unit filename="src/Entities/Entity.cpp" />
		<Unit filename="src/Entities/Entity.h" />
		<Unit filename="src/Entities/EntityFactory.cpp" />
		<Unit filename="src/Entities/EntityFactory.h" />
		<Unit filename="src/Entities/EntityManager.cpp" />
		<Unit filename="src/Entities/EntityManager.h" />
		<Unit filename="src/Entities/Grapnel.cpp" />
		<Unit filename="src/Entities/Grapnel.h" />
		<Unit filename="src/Entities/Hull.cpp" />
		<Unit filename="src/Entities/Hull.h" />
		<Unit filename="src/Entities/LivingBeing.cpp" />
		<Unit filename="src/Entities/LivingBeing.h" />
		<Unit filename="src/Entities/PartitioningTree.cpp" />
		<Unit filename="src/Entities/PartitioningTree.h" />
		<Unit filename="src/Entities/Player.cpp" />
		<Unit filename="src/Entities/Player.h" />
		<Unit filename="src/Entities/PointLight.cpp" />
		<Unit filename="src/Entities/PointLight.h" />
		<Unit filename="src/Entities/PolyBody.cpp" />
		<Unit filename="src/Entities/PolyBody.h" />
		<Unit filename="src/Entities/PolyChain.cpp" />
		<Unit filename="src/Entities/PolyChain.h" />
		<Unit filename="src/Game/Game.cpp" />
		<Unit filename="src/Game/Game.h" />
		<Unit filename="src/Graphics/LightEngine.cpp" />
		<Unit filename="src/Graphics/LightEngine.h" />
		<Unit filename="src/Level/LevelLoader.cpp" />
		<Unit filename="src/Level/LevelLoader.h" />
		<Unit filename="src/Level/LevelManager.cpp" />
		<Unit filename="src/Level/LevelManager.h" />
		<Unit filename="src/Level/LevelSaver.cpp" />
		<Unit filename="src/Level/LevelSaver.h" />
		<Unit filename="src/Lua/LuaAction.cpp" />
		<Unit filename="src/Lua/LuaAction.h" />
		<Unit filename="src/Lua/LuaMachine.cpp" />
		<Unit filename="src/Lua/LuaMachine.h" />
		<Unit filename="src/Lua/OutputInterfaces.h" />
		<Unit filename="src/Lua/Registrations/RegisterBox2D.cpp" />
		<Unit filename="src/Lua/Registrations/RegisterEntityFactory.cpp" />
		<Unit filename="src/Lua/Registrations/RegisterInputManager.cpp" />
		<Unit filename="src/Lua/Registrations/RegisterJointFactory.cpp" />
		<Unit filename="src/Lua/Registrations/RegisterLevelManager.cpp" />
		<Unit filename="src/Lua/Registrations/RegisterPhysicManager.cpp" />
		<Unit filename="src/Lua/Registrations/RegisterResourceManager.cpp" />
		<Unit filename="src/Lua/Registrations/RegisterSFML.cpp" />
		<Unit filename="src/Lua/TriggersManager.cpp" />
		<Unit filename="src/Lua/TriggersManager.h" />
		<Unit filename="src/Physics/Callback/AABBCallback.h" />
		<Unit filename="src/Physics/Callback/AABBListCallback.h" />
		<Unit filename="src/Physics/Callback/FirstBodyRaycastCallback.h" />
		<Unit filename="src/Physics/Callback/PointCallback.h" />
		<Unit filename="src/Physics/ContactListener.cpp" />
		<Unit filename="src/Physics/ContactListener.h" />
		<Unit filename="src/Physics/DebugDraw.cpp" />
		<Unit filename="src/Physics/DebugDraw.h" />
		<Unit filename="src/Physics/Joint.cpp" />
		<Unit filename="src/Physics/Joint.h" />
		<Unit filename="src/Physics/JointFactory.cpp" />
		<Unit filename="src/Physics/JointFactory.h" />
		<Unit filename="src/Physics/Joints/DistanceJoint.cpp" />
		<Unit filename="src/Physics/Joints/DistanceJoint.h" />
		<Unit filename="src/Physics/Joints/FrictionJoint.cpp" />
		<Unit filename="src/Physics/Joints/FrictionJoint.h" />
		<Unit filename="src/Physics/Joints/GearJoint.cpp" />
		<Unit filename="src/Physics/Joints/GearJoint.h" />
		<Unit filename="src/Physics/Joints/MouseJoint.cpp" />
		<Unit filename="src/Physics/Joints/MouseJoint.h" />
		<Unit filename="src/Physics/Joints/PrismaticJoint.cpp" />
		<Unit filename="src/Physics/Joints/PrismaticJoint.h" />
		<Unit filename="src/Physics/Joints/PulleyJoint.cpp" />
		<Unit filename="src/Physics/Joints/PulleyJoint.h" />
		<Unit filename="src/Physics/Joints/RevoluteJoint.cpp" />
		<Unit filename="src/Physics/Joints/RevoluteJoint.h" />
		<Unit filename="src/Physics/Joints/RopeJoint.cpp" />
		<Unit filename="src/Physics/Joints/RopeJoint.h" />
		<Unit filename="src/Physics/Joints/WeldJoint.cpp" />
		<Unit filename="src/Physics/Joints/WeldJoint.h" />
		<Unit filename="src/Physics/Joints/WheelJoint.cpp" />
		<Unit filename="src/Physics/Joints/WheelJoint.h" />
		<Unit filename="src/Physics/PhysicManager.cpp" />
		<Unit filename="src/Physics/PhysicManager.h" />
		<Unit filename="src/Resources/AnimatedSprite.cpp" />
		<Unit filename="src/Resources/AnimatedSprite.h" />
		<Unit filename="src/Resources/ResourceManager.cpp" />
		<Unit filename="src/Resources/ResourceManager.h" />
		<Unit filename="src/Resources/Texture.h" />
		<Unit filename="src/Sounds/SoundManager.cpp" />
		<Unit filename="src/Sounds/SoundManager.h" />
		<Unit filename="src/Tools/Dialog.cpp" />
		<Unit filename="src/Tools/Dialog.h" />
		<Unit filename="src/Tools/Error.cpp" />
		<Unit filename="src/Tools/Error.h" />
		<Unit filename="src/Tools/Loader.cpp" />
		<Unit filename="src/Tools/Loader.h" />
		<Unit filename="src/Tools/NonCopyable.h" />
		<Unit filename="src/Tools/Parser.cpp" />
		<Unit filename="src/Tools/Parser.h" />
		<Unit filename="src/Tools/PromptEntry.cpp" />
		<Unit filename="src/Tools/PromptEntry.h" />
		<Unit filename="src/Tools/Saver.cpp" />
		<Unit filename="src/Tools/Saver.h" />
		<Unit filename="src/Tools/Segment.h" />
		<Unit filename="src/Tools/Singleton.h" />
		<Unit filename="src/Tools/utils.h" />
		<Unit filename="src/Tools/vector_wrappers.h" />
		<Unit filename="src/main.cpp" />
		<Unit filename="src/stdafx.cpp" />
		<Unit filename="src/stdafx.h" />
		<Unit filename="src_en_attente/FileLogger.cpp" />
		<Unit filename="src_en_attente/FileLogger.h" />
		<Unit filename="src_en_attente/Lights/CircleHull.cpp" />
		<Unit filename="src_en_attente/Lights/CircleHull.h" />
		<Unit filename="src_en_attente/Lights/ConvexHull.cpp" />
		<Unit filename="src_en_attente/Lights/ConvexHull.h" />
		<Unit filename="src_en_attente/Lights/Hull.cpp" />
		<Unit filename="src_en_attente/Lights/Hull.h" />
		<Unit filename="src_en_attente/Lights/Light.cpp" />
		<Unit filename="src_en_attente/Lights/Light.h" />
		<Unit filename="src_en_attente/Lights/LightManager.cpp" />
		<Unit filename="src_en_attente/Lights/LightManager.h" />
		<Unit filename="src_en_attente/Lights/PointLight.cpp" />
		<Unit filename="src_en_attente/Lights/PointLight.h" />
		<Unit filename="src_en_attente/Lights/SpotLight.cpp" />
		<Unit filename="src_en_attente/Lights/SpotLight.h" />
		<Extensions>
			<code_completion />
			<envvars />
			<debugger />
			<lib_finder disable_auto="1" />
		</Extensions>
	</Project>
</CodeBlocks_project_file>
