<?xml version="1.0" encoding="utf-8"?>
<Project ToolsVersion="4.0" xmlns="http://schemas.microsoft.com/developer/msbuild/2003">
  <ItemGroup>
    <Filter Include="Fichiers sources">
      <UniqueIdentifier>{4FC737F1-C7A5-4376-A066-2A32D752A2FF}</UniqueIdentifier>
      <Extensions>cpp;c;cc;cxx;def;odl;idl;hpj;bat;asm;asmx</Extensions>
    </Filter>
    <Filter Include="Fichiers d%27en-tête">
      <UniqueIdentifier>{93995380-89BD-4b04-88EB-625FBE52EBFB}</UniqueIdentifier>
      <Extensions>h;hpp;hxx;hm;inl;inc;xsd</Extensions>
    </Filter>
    <Filter Include="Fichiers de ressources">
      <UniqueIdentifier>{67DA6AB6-F800-4c08-8B7A-83BB121AAD01}</UniqueIdentifier>
      <Extensions>rc;ico;cur;bmp;dlg;rc2;rct;bin;rgs;gif;jpg;jpeg;jpe;resx;tiff;tif;png;wav;mfcribbon-ms</Extensions>
    </Filter>
    <Filter Include="Fichiers d%27en-tête\Physics">
      <UniqueIdentifier>{5a46dc7c-fbbe-4ffa-a79b-fb6e01a8b7a7}</UniqueIdentifier>
    </Filter>
    <Filter Include="Fichiers sources\Physics">
      <UniqueIdentifier>{948e621a-32a2-4556-a46d-ffb3c51cc33a}</UniqueIdentifier>
    </Filter>
    <Filter Include="Fichiers d%27en-tête\Physics\Joints">
      <UniqueIdentifier>{67dce3cd-7dab-4815-ae38-e3693c37295d}</UniqueIdentifier>
    </Filter>
    <Filter Include="Fichiers d%27en-tête\Physics\Bodies">
      <UniqueIdentifier>{5075feb8-75b4-47c3-8639-4f0a5e063835}</UniqueIdentifier>
    </Filter>
    <Filter Include="Fichiers sources\Physics\Joints">
      <UniqueIdentifier>{5e11207a-ac94-4867-91b6-e7e73b4fe7b2}</UniqueIdentifier>
    </Filter>
    <Filter Include="Fichiers sources\Physics\Bodies">
      <UniqueIdentifier>{e52180cc-5f88-4d2d-b74a-e31d1f27cff6}</UniqueIdentifier>
    </Filter>
    <Filter Include="Fichiers d%27en-tête\Tools">
      <UniqueIdentifier>{b654ce01-8d80-4b8b-91a3-f95e20aa689c}</UniqueIdentifier>
    </Filter>
    <Filter Include="Fichiers sources\Tools">
      <UniqueIdentifier>{26e21777-48ac-4645-8293-4e4db7d3225b}</UniqueIdentifier>
    </Filter>
    <Filter Include="Fichiers d%27en-tête\Resources">
      <UniqueIdentifier>{2a884565-4cc7-4a34-b8ca-2003f9c19572}</UniqueIdentifier>
    </Filter>
    <Filter Include="Fichiers sources\Resources">
      <UniqueIdentifier>{f82ff6e3-17c1-4ebc-8974-2fde365f79a6}</UniqueIdentifier>
    </Filter>
    <Filter Include="Fichiers d%27en-tête\Physics\Entities">
      <UniqueIdentifier>{e904180f-e16b-4735-a52b-454aec732289}</UniqueIdentifier>
    </Filter>
    <Filter Include="Fichiers sources\Physics\Entities">
      <UniqueIdentifier>{43e5b502-d105-4493-9279-319a78340903}</UniqueIdentifier>
    </Filter>
  </ItemGroup>
  <ItemGroup>
    <None Include="src\_TODO.txt" />
    <None Include="..\README.txt" />
  </ItemGroup>
  <ItemGroup>
    <ClCompile Include="src\Box2DGame.cpp">
      <Filter>Fichiers sources</Filter>
    </ClCompile>
    <ClCompile Include="src\ConfigReader.cpp">
      <Filter>Fichiers sources</Filter>
    </ClCompile>
    <ClCompile Include="src\Dialog.cpp">
      <Filter>Fichiers sources</Filter>
    </ClCompile>
    <ClCompile Include="src\Level.cpp">
      <Filter>Fichiers sources</Filter>
    </ClCompile>
    <ClCompile Include="src\LevelLoader.cpp">
      <Filter>Fichiers sources</Filter>
    </ClCompile>
    <ClCompile Include="src\main.cpp">
      <Filter>Fichiers sources</Filter>
    </ClCompile>
    <ClCompile Include="src\Parser.cpp">
      <Filter>Fichiers sources</Filter>
    </ClCompile>
    <ClCompile Include="src\Physics\Bodies\Body.cpp">
      <Filter>Fichiers sources\Physics\Bodies</Filter>
    </ClCompile>
    <ClCompile Include="src\Physics\Bodies\DynamicBox.cpp">
      <Filter>Fichiers sources\Physics\Bodies</Filter>
    </ClCompile>
    <ClCompile Include="src\Physics\Bodies\DynamicCircle.cpp">
      <Filter>Fichiers sources\Physics\Bodies</Filter>
    </ClCompile>
    <ClCompile Include="src\Physics\Bodies\KinematicBox.cpp">
      <Filter>Fichiers sources\Physics\Bodies</Filter>
    </ClCompile>
    <ClCompile Include="src\Physics\Bodies\StaticBox.cpp">
      <Filter>Fichiers sources\Physics\Bodies</Filter>
    </ClCompile>
    <ClCompile Include="src\Physics\Joints\DistanceJoint.cpp">
      <Filter>Fichiers sources\Physics\Joints</Filter>
    </ClCompile>
    <ClCompile Include="src\Physics\Joints\MouseJoint.cpp">
      <Filter>Fichiers sources\Physics\Joints</Filter>
    </ClCompile>
    <ClCompile Include="src\Physics\Joints\RevoluteJoint.cpp">
      <Filter>Fichiers sources\Physics\Joints</Filter>
    </ClCompile>
    <ClCompile Include="src\Physics\Joints\Joint.cpp">
      <Filter>Fichiers sources\Physics\Joints</Filter>
    </ClCompile>
    <ClCompile Include="src\Physics\World.cpp">
      <Filter>Fichiers sources\Physics</Filter>
    </ClCompile>
    <ClCompile Include="src\Physics\Joints\FrictionJoint.cpp">
      <Filter>Fichiers sources\Physics\Joints</Filter>
    </ClCompile>
    <ClCompile Include="src\Physics\Joints\GearJoint.cpp">
      <Filter>Fichiers sources\Physics\Joints</Filter>
    </ClCompile>
    <ClCompile Include="src\Physics\Joints\PrismaticJoint.cpp">
      <Filter>Fichiers sources\Physics\Joints</Filter>
    </ClCompile>
    <ClCompile Include="src\Physics\Joints\PulleyJoint.cpp">
      <Filter>Fichiers sources\Physics\Joints</Filter>
    </ClCompile>
    <ClCompile Include="src\Physics\Joints\RopeJoint.cpp">
      <Filter>Fichiers sources\Physics\Joints</Filter>
    </ClCompile>
    <ClCompile Include="src\Physics\Joints\WeldJoint.cpp">
      <Filter>Fichiers sources\Physics\Joints</Filter>
    </ClCompile>
    <ClCompile Include="src\Physics\Joints\WheelJoint.cpp">
      <Filter>Fichiers sources\Physics\Joints</Filter>
    </ClCompile>
    <ClCompile Include="src\Physics\ContactListener.cpp">
      <Filter>Fichiers sources\Physics</Filter>
    </ClCompile>
    <ClCompile Include="src\Physics\Entities\Entity.cpp">
      <Filter>Fichiers sources\Physics\Entities</Filter>
    </ClCompile>
    <ClCompile Include="src\Physics\Entities\Ragdoll.cpp">
      <Filter>Fichiers sources\Physics\Entities</Filter>
    </ClCompile>
    <ClCompile Include="src\Tools\QuadTree\QuadTree.cpp">
      <Filter>Fichiers sources</Filter>
    </ClCompile>
    <ClCompile Include="src\Lights\CircleHull.cpp">
      <Filter>Fichiers sources</Filter>
    </ClCompile>
    <ClCompile Include="src\Lights\ConvexHull.cpp">
      <Filter>Fichiers sources</Filter>
    </ClCompile>
    <ClCompile Include="src\Lights\Hull.cpp">
      <Filter>Fichiers sources</Filter>
    </ClCompile>
    <ClCompile Include="src\Lights\Light.cpp">
      <Filter>Fichiers sources</Filter>
    </ClCompile>
    <ClCompile Include="src\Lights\LightManager.cpp">
      <Filter>Fichiers sources</Filter>
    </ClCompile>
    <ClCompile Include="src\Lights\PointLight.cpp">
      <Filter>Fichiers sources</Filter>
    </ClCompile>
    <ClCompile Include="src\Lights\SpotLight.cpp">
      <Filter>Fichiers sources</Filter>
    </ClCompile>
  </ItemGroup>
  <ItemGroup>
    <ClInclude Include="src\Box2DGame.h">
      <Filter>Fichiers d%27en-tête</Filter>
    </ClInclude>
    <ClInclude Include="src\ConfigReader.h">
      <Filter>Fichiers d%27en-tête</Filter>
    </ClInclude>
    <ClInclude Include="src\Dialog.h">
      <Filter>Fichiers d%27en-tête</Filter>
    </ClInclude>
    <ClInclude Include="src\Level.h">
      <Filter>Fichiers d%27en-tête</Filter>
    </ClInclude>
    <ClInclude Include="src\LevelLoader.h">
      <Filter>Fichiers d%27en-tête</Filter>
    </ClInclude>
    <ClInclude Include="src\Parser.h">
      <Filter>Fichiers d%27en-tête</Filter>
    </ClInclude>
    <ClInclude Include="src\utils.h">
      <Filter>Fichiers d%27en-tête</Filter>
    </ClInclude>
    <ClInclude Include="src\Physics\Bodies\Body.h">
      <Filter>Fichiers d%27en-tête\Physics\Bodies</Filter>
    </ClInclude>
    <ClInclude Include="src\Physics\Bodies\DynamicBox.h">
      <Filter>Fichiers d%27en-tête\Physics\Bodies</Filter>
    </ClInclude>
    <ClInclude Include="src\Physics\Bodies\DynamicCircle.h">
      <Filter>Fichiers d%27en-tête\Physics\Bodies</Filter>
    </ClInclude>
    <ClInclude Include="src\Physics\Bodies\KinematicBox.h">
      <Filter>Fichiers d%27en-tête\Physics\Bodies</Filter>
    </ClInclude>
    <ClInclude Include="src\Physics\Bodies\StaticBox.h">
      <Filter>Fichiers d%27en-tête\Physics\Bodies</Filter>
    </ClInclude>
    <ClInclude Include="src\Physics\Joints\DistanceJoint.h">
      <Filter>Fichiers d%27en-tête\Physics\Joints</Filter>
    </ClInclude>
    <ClInclude Include="src\Physics\Joints\MouseJoint.h">
      <Filter>Fichiers d%27en-tête\Physics\Joints</Filter>
    </ClInclude>
    <ClInclude Include="src\Physics\Joints\RevoluteJoint.h">
      <Filter>Fichiers d%27en-tête\Physics\Joints</Filter>
    </ClInclude>
    <ClInclude Include="src\Physics\Joints\Joint.h">
      <Filter>Fichiers d%27en-tête\Physics\Joints</Filter>
    </ClInclude>
    <ClInclude Include="src\Physics\FirstBodyRaycastCallback.h">
      <Filter>Fichiers d%27en-tête\Physics</Filter>
    </ClInclude>
    <ClInclude Include="src\Physics\OverlappingBodyCallback.h">
      <Filter>Fichiers d%27en-tête\Physics</Filter>
    </ClInclude>
    <ClInclude Include="src\Physics\World.h">
      <Filter>Fichiers d%27en-tête\Physics</Filter>
    </ClInclude>
    <ClInclude Include="src\Physics\Joints\FrictionJoint.h">
      <Filter>Fichiers d%27en-tête\Physics\Joints</Filter>
    </ClInclude>
    <ClInclude Include="src\Physics\Joints\GearJoint.h">
      <Filter>Fichiers d%27en-tête\Physics\Joints</Filter>
    </ClInclude>
    <ClInclude Include="src\Physics\Joints\PrismaticJoint.h">
      <Filter>Fichiers d%27en-tête\Physics\Joints</Filter>
    </ClInclude>
    <ClInclude Include="src\Physics\Joints\PulleyJoint.h">
      <Filter>Fichiers d%27en-tête\Physics\Joints</Filter>
    </ClInclude>
    <ClInclude Include="src\Physics\Joints\RopeJoint.h">
      <Filter>Fichiers d%27en-tête\Physics\Joints</Filter>
    </ClInclude>
    <ClInclude Include="src\Physics\Joints\WeldJoint.h">
      <Filter>Fichiers d%27en-tête\Physics\Joints</Filter>
    </ClInclude>
    <ClInclude Include="src\Physics\Joints\WheelJoint.h">
      <Filter>Fichiers d%27en-tête\Physics\Joints</Filter>
    </ClInclude>
    <ClInclude Include="src\Physics\ContactListener.h">
      <Filter>Fichiers d%27en-tête\Physics</Filter>
    </ClInclude>
    <ClInclude Include="src\Tools\Singleton.h">
      <Filter>Fichiers d%27en-tête\Tools</Filter>
    </ClInclude>
    <ClInclude Include="src\Tools\NonCopyable.h">
      <Filter>Fichiers d%27en-tête\Tools</Filter>
    </ClInclude>
    <ClInclude Include="src\Resources\ResourceManager.h">
      <Filter>Fichiers d%27en-tête\Resources</Filter>
    </ClInclude>
    <ClInclude Include="src\Physics\Entities\Entity.h">
      <Filter>Fichiers d%27en-tête\Physics\Entities</Filter>
    </ClInclude>
    <ClInclude Include="src\Physics\Entities\Ragdoll.h">
      <Filter>Fichiers d%27en-tête\Physics\Entities</Filter>
    </ClInclude>
    <ClInclude Include="src\Tools\QuadTree\QuadTree.h">
      <Filter>Fichiers d%27en-tête</Filter>
    </ClInclude>
    <ClInclude Include="src\Tools\QuadTree\QuadTreeObject.h">
      <Filter>Fichiers d%27en-tête</Filter>
    </ClInclude>
    <ClInclude Include="src\Lights\CircleHull.h">
      <Filter>Fichiers d%27en-tête</Filter>
    </ClInclude>
    <ClInclude Include="src\Lights\ConvexHull.h">
      <Filter>Fichiers d%27en-tête</Filter>
    </ClInclude>
    <ClInclude Include="src\Lights\Hull.h">
      <Filter>Fichiers d%27en-tête</Filter>
    </ClInclude>
    <ClInclude Include="src\Lights\Light.h">
      <Filter>Fichiers d%27en-tête</Filter>
    </ClInclude>
    <ClInclude Include="src\Lights\LightManager.h">
      <Filter>Fichiers d%27en-tête</Filter>
    </ClInclude>
    <ClInclude Include="src\Lights\PointLight.h">
      <Filter>Fichiers d%27en-tête</Filter>
    </ClInclude>
    <ClInclude Include="src\Lights\SpotLight.h">
      <Filter>Fichiers d%27en-tête</Filter>
    </ClInclude>
    <ClInclude Include="src\Tools\Segment.h">
      <Filter>Fichiers d%27en-tête</Filter>
    </ClInclude>
  </ItemGroup>
</Project>