<?xml version="1.0" encoding="utf-8"?>
<Project ToolsVersion="4.0" xmlns="http://schemas.microsoft.com/developer/msbuild/2003">
  <ItemGroup>
    <Filter Include="Fichiers sources">
      <UniqueIdentifier>{4FC737F1-C7A5-4376-A066-2A32D752A2FF}</UniqueIdentifier>
      <Extensions>cpp;c;cc;cxx;def;odl;idl;hpj;bat;asm;asmx</Extensions>
    </Filter>
    <Filter Include="Fichiers d%27en-tête">
      <UniqueIdentifier>{93995380-89BD-4b04-88EB-625FBE52EBFB}</UniqueIdentifier>
      <Extensions>h;hpp;hxx;hm;inl;inc;xsd</Extensions>
    </Filter>
    <Filter Include="Fichiers d%27en-tête\Physics">
      <UniqueIdentifier>{5a46dc7c-fbbe-4ffa-a79b-fb6e01a8b7a7}</UniqueIdentifier>
    </Filter>
    <Filter Include="Fichiers sources\Physics">
      <UniqueIdentifier>{948e621a-32a2-4556-a46d-ffb3c51cc33a}</UniqueIdentifier>
    </Filter>
    <Filter Include="Fichiers d%27en-tête\Physics\Joints">
      <UniqueIdentifier>{67dce3cd-7dab-4815-ae38-e3693c37295d}</UniqueIdentifier>
    </Filter>
    <Filter Include="Fichiers sources\Physics\Joints">
      <UniqueIdentifier>{5e11207a-ac94-4867-91b6-e7e73b4fe7b2}</UniqueIdentifier>
    </Filter>
    <Filter Include="Fichiers d%27en-tête\Tools">
      <UniqueIdentifier>{b654ce01-8d80-4b8b-91a3-f95e20aa689c}</UniqueIdentifier>
    </Filter>
    <Filter Include="Fichiers sources\Tools">
      <UniqueIdentifier>{26e21777-48ac-4645-8293-4e4db7d3225b}</UniqueIdentifier>
    </Filter>
    <Filter Include="Fichiers d%27en-tête\Resources">
      <UniqueIdentifier>{2a884565-4cc7-4a34-b8ca-2003f9c19572}</UniqueIdentifier>
    </Filter>
    <Filter Include="Fichiers sources\Resources">
      <UniqueIdentifier>{f82ff6e3-17c1-4ebc-8974-2fde365f79a6}</UniqueIdentifier>
    </Filter>
    <Filter Include="Fichiers sources\Level">
      <UniqueIdentifier>{8c1ee394-4fa2-4a92-b83f-eb3cb0920f6f}</UniqueIdentifier>
    </Filter>
    <Filter Include="Fichiers d%27en-tête\Level">
      <UniqueIdentifier>{3dfebfa7-8d81-41b4-9986-d8dc2d1b8c09}</UniqueIdentifier>
    </Filter>
    <Filter Include="Fichiers d%27en-tête\Sounds">
      <UniqueIdentifier>{36d65d69-69a8-4868-8155-70b3dd40314a}</UniqueIdentifier>
    </Filter>
    <Filter Include="Fichiers sources\Sounds">
      <UniqueIdentifier>{711855b9-e88a-4a42-8695-7df8e3d56bae}</UniqueIdentifier>
    </Filter>
    <Filter Include="Fichiers sources\App">
      <UniqueIdentifier>{a9d8b39c-50c5-4715-9db3-bc454c823551}</UniqueIdentifier>
    </Filter>
    <Filter Include="Fichiers d%27en-tête\App">
      <UniqueIdentifier>{e653be40-b2b0-40e3-b670-e598ecb85f2b}</UniqueIdentifier>
    </Filter>
    <Filter Include="Fichiers d%27en-tête\App\States">
      <UniqueIdentifier>{65629c4d-885f-492d-ae82-e9fe85c9d247}</UniqueIdentifier>
    </Filter>
    <Filter Include="Fichiers sources\App\States">
      <UniqueIdentifier>{2bc5be36-31c8-4c3d-a4cd-d1a1b1e0560d}</UniqueIdentifier>
    </Filter>
    <Filter Include="Fichiers d%27en-tête\Game">
      <UniqueIdentifier>{23e10aec-146b-4bf3-95f8-f5e780d6a60a}</UniqueIdentifier>
    </Filter>
    <Filter Include="Fichiers sources\Game">
      <UniqueIdentifier>{36327a7c-8171-41de-b16d-cd74ecbbb97a}</UniqueIdentifier>
    </Filter>
    <Filter Include="Fichiers d%27en-tête\Entities">
      <UniqueIdentifier>{adae4b39-067e-4738-9053-80fc0384e970}</UniqueIdentifier>
    </Filter>
    <Filter Include="Fichiers sources\Entities">
      <UniqueIdentifier>{55763350-e5c3-41ba-b8b2-5443c02b91e5}</UniqueIdentifier>
    </Filter>
    <Filter Include="Fichiers de ressources">
      <UniqueIdentifier>{67DA6AB6-F800-4c08-8B7A-83BB121AAD01}</UniqueIdentifier>
      <Extensions>rc;ico;cur;bmp;dlg;rc2;rct;bin;rgs;gif;jpg;jpeg;jpe;resx;tiff;tif;png;wav;mfcribbon-ms</Extensions>
    </Filter>
    <Filter Include="Fichiers de ressources\Levels">
      <UniqueIdentifier>{1bfbb0f9-009a-4d66-9c56-a18bb8a28256}</UniqueIdentifier>
    </Filter>
    <Filter Include="Fichiers de ressources\Anims">
      <UniqueIdentifier>{ffe0fec8-1483-4943-b722-a4359c40f028}</UniqueIdentifier>
    </Filter>
    <Filter Include="Fichiers d%27en-tête\Physics\Callback">
      <UniqueIdentifier>{2906bf8d-863c-4dde-8e5b-491fc2734796}</UniqueIdentifier>
    </Filter>
    <Filter Include="Fichiers de ressources\Scripts">
      <UniqueIdentifier>{5edf6274-fe55-45b9-bc64-db52bb465704}</UniqueIdentifier>
    </Filter>
    <Filter Include="Fichiers sources\Game\Lua">
      <UniqueIdentifier>{3d60c0ae-f299-4733-99fc-7ce752fe5255}</UniqueIdentifier>
    </Filter>
    <Filter Include="Fichiers d%27en-tête\Editor">
      <UniqueIdentifier>{d3ade931-276c-43be-ab1b-fe9a891a1670}</UniqueIdentifier>
    </Filter>
    <Filter Include="Fichiers sources\Editor">
      <UniqueIdentifier>{b4aa2464-5162-410a-8401-87a03722d40a}</UniqueIdentifier>
    </Filter>
  </ItemGroup>
  <ItemGroup>
    <None Include="src\_TODO.txt" />
    <None Include="..\README.txt" />
    <None Include="lvls\1.xvl">
      <Filter>Fichiers de ressources\Levels</Filter>
    </None>
    <None Include="anim\player.xas">
      <Filter>Fichiers de ressources\Anims</Filter>
    </None>
    <None Include="anim\player.xim">
      <Filter>Fichiers de ressources\Anims</Filter>
    </None>
    <None Include="scripts\test1.lua">
      <Filter>Fichiers de ressources\Scripts</Filter>
    </None>
    <None Include="scripts\contact.lua">
      <Filter>Fichiers de ressources\Scripts</Filter>
    </None>
    <None Include="scripts\lvl1.lua">
      <Filter>Fichiers de ressources\Scripts</Filter>
    </None>
  </ItemGroup>
  <ItemGroup>
    <ClCompile Include="src\Physics\Joints\DistanceJoint.cpp">
      <Filter>Fichiers sources\Physics\Joints</Filter>
    </ClCompile>
    <ClCompile Include="src\Physics\Joints\MouseJoint.cpp">
      <Filter>Fichiers sources\Physics\Joints</Filter>
    </ClCompile>
    <ClCompile Include="src\Physics\Joints\RevoluteJoint.cpp">
      <Filter>Fichiers sources\Physics\Joints</Filter>
    </ClCompile>
    <ClCompile Include="src\Physics\Joints\FrictionJoint.cpp">
      <Filter>Fichiers sources\Physics\Joints</Filter>
    </ClCompile>
    <ClCompile Include="src\Physics\Joints\GearJoint.cpp">
      <Filter>Fichiers sources\Physics\Joints</Filter>
    </ClCompile>
    <ClCompile Include="src\Physics\Joints\PrismaticJoint.cpp">
      <Filter>Fichiers sources\Physics\Joints</Filter>
    </ClCompile>
    <ClCompile Include="src\Physics\Joints\PulleyJoint.cpp">
      <Filter>Fichiers sources\Physics\Joints</Filter>
    </ClCompile>
    <ClCompile Include="src\Physics\Joints\RopeJoint.cpp">
      <Filter>Fichiers sources\Physics\Joints</Filter>
    </ClCompile>
    <ClCompile Include="src\Physics\Joints\WeldJoint.cpp">
      <Filter>Fichiers sources\Physics\Joints</Filter>
    </ClCompile>
    <ClCompile Include="src\Physics\Joints\WheelJoint.cpp">
      <Filter>Fichiers sources\Physics\Joints</Filter>
    </ClCompile>
    <ClCompile Include="src\Physics\ContactListener.cpp">
      <Filter>Fichiers sources\Physics</Filter>
    </ClCompile>
    <ClCompile Include="src\Tools\Dialog.cpp">
      <Filter>Fichiers sources\Tools</Filter>
    </ClCompile>
    <ClCompile Include="src\Level\LevelLoader.cpp">
      <Filter>Fichiers sources\Level</Filter>
    </ClCompile>
    <ClCompile Include="src\Tools\Loader.cpp">
      <Filter>Fichiers sources\Tools</Filter>
    </ClCompile>
    <ClCompile Include="src\Tools\Parser.cpp">
      <Filter>Fichiers sources\Tools</Filter>
    </ClCompile>
    <ClCompile Include="src\Sounds\SoundManager.cpp">
      <Filter>Fichiers sources\Sounds</Filter>
    </ClCompile>
    <ClCompile Include="src\App\App.cpp">
      <Filter>Fichiers sources\App</Filter>
    </ClCompile>
    <ClCompile Include="src\App\States\StartUp.cpp">
      <Filter>Fichiers sources\App\States</Filter>
    </ClCompile>
    <ClCompile Include="src\App\States\StateSystem.cpp">
      <Filter>Fichiers sources\App\States</Filter>
    </ClCompile>
    <ClCompile Include="src\App\States\MainMenu.cpp">
      <Filter>Fichiers sources\App\States</Filter>
    </ClCompile>
    <ClCompile Include="src\App\States\DevGame.cpp">
      <Filter>Fichiers sources\App\States</Filter>
    </ClCompile>
    <ClCompile Include="src\Game\Box2DGame.cpp">
      <Filter>Fichiers sources\Game</Filter>
    </ClCompile>
    <ClCompile Include="src\Entities\Entity.cpp">
      <Filter>Fichiers sources\Entities</Filter>
    </ClCompile>
    <ClCompile Include="src\Entities\Deco.cpp">
      <Filter>Fichiers sources\Entities</Filter>
    </ClCompile>
    <ClCompile Include="src\Entities\EntityManager.cpp">
      <Filter>Fichiers sources\Entities</Filter>
    </ClCompile>
    <ClCompile Include="src\Entities\LivingBeing.cpp">
      <Filter>Fichiers sources\Entities</Filter>
    </ClCompile>
    <ClCompile Include="src\Resources\AnimatedSprite.cpp">
      <Filter>Fichiers sources\Resources</Filter>
    </ClCompile>
    <ClCompile Include="src\Entities\Player.cpp">
      <Filter>Fichiers sources\Entities</Filter>
    </ClCompile>
    <ClCompile Include="src\main.cpp">
      <Filter>Fichiers sources\App</Filter>
    </ClCompile>
    <ClCompile Include="src\Physics\Joint.cpp">
      <Filter>Fichiers sources\Physics</Filter>
    </ClCompile>
    <ClCompile Include="src\Physics\PhysicManager.cpp">
      <Filter>Fichiers sources\Physics</Filter>
    </ClCompile>
    <ClCompile Include="src\Entities\BasicBody.cpp">
      <Filter>Fichiers sources\Entities</Filter>
    </ClCompile>
    <ClCompile Include="src\Entities\Grapnel.cpp">
      <Filter>Fichiers sources\Entities</Filter>
    </ClCompile>
    <ClCompile Include="src\Physics\DebugDraw.cpp">
      <Filter>Fichiers sources\Physics</Filter>
    </ClCompile>
    <ClCompile Include="src\Entities\EntityFactory.cpp">
      <Filter>Fichiers sources\Entities</Filter>
    </ClCompile>
    <ClCompile Include="src\Game\InputManager.cpp">
      <Filter>Fichiers sources\Game</Filter>
    </ClCompile>
    <ClCompile Include="src\Game\LuaMachine.cpp">
      <Filter>Fichiers sources\Game</Filter>
    </ClCompile>
    <ClCompile Include="src\Physics\JointFactory.cpp">
      <Filter>Fichiers sources\Physics</Filter>
    </ClCompile>
    <ClCompile Include="src\Level\LevelManager.cpp">
      <Filter>Fichiers sources\Level</Filter>
    </ClCompile>
    <ClCompile Include="src\Tools\Error.cpp">
      <Filter>Fichiers sources\Tools</Filter>
    </ClCompile>
    <ClCompile Include="src\Level\TriggersManager.cpp">
      <Filter>Fichiers sources\Level</Filter>
    </ClCompile>
    <ClCompile Include="src\Game\Lua\RegisterEntityFactory.cpp">
      <Filter>Fichiers sources\Game\Lua</Filter>
    </ClCompile>
    <ClCompile Include="src\Game\Lua\RegisterJointFactory.cpp">
      <Filter>Fichiers sources\Game\Lua</Filter>
    </ClCompile>
    <ClCompile Include="src\Game\Lua\RegisterLevelManager.cpp">
      <Filter>Fichiers sources\Game\Lua</Filter>
    </ClCompile>
    <ClCompile Include="src\Game\Lua\RegisterPhysicManager.cpp">
      <Filter>Fichiers sources\Game\Lua</Filter>
    </ClCompile>
    <ClCompile Include="src\Game\Lua\RegisterInputManager.cpp">
      <Filter>Fichiers sources\Game\Lua</Filter>
    </ClCompile>
    <ClCompile Include="src\Game\Lua\RegisterBox2D.cpp">
      <Filter>Fichiers sources\Game\Lua</Filter>
    </ClCompile>
    <ClCompile Include="src\Game\Lua\RegisterSFML.cpp">
      <Filter>Fichiers sources\Game\Lua</Filter>
    </ClCompile>
    <ClCompile Include="src\Level\LevelSaver.cpp">
      <Filter>Fichiers sources\Level</Filter>
    </ClCompile>
    <ClCompile Include="src\Tools\Saver.cpp">
      <Filter>Fichiers sources\Tools</Filter>
    </ClCompile>
    <ClCompile Include="src\Resources\ResourceManager.cpp">
      <Filter>Fichiers sources\Resources</Filter>
    </ClCompile>
    <ClCompile Include="src\Game\Lua\RegisterResourceManager.cpp">
      <Filter>Fichiers sources\Game\Lua</Filter>
    </ClCompile>
    <ClCompile Include="src\Editor\EditBox.cpp">
      <Filter>Fichiers sources\Editor</Filter>
    </ClCompile>
    <ClCompile Include="src\Level\LuaAction.cpp">
      <Filter>Fichiers sources\Level</Filter>
    </ClCompile>
  </ItemGroup>
  <ItemGroup>
    <ClInclude Include="src\Physics\Joints\DistanceJoint.h">
      <Filter>Fichiers d%27en-tête\Physics\Joints</Filter>
    </ClInclude>
    <ClInclude Include="src\Physics\Joints\MouseJoint.h">
      <Filter>Fichiers d%27en-tête\Physics\Joints</Filter>
    </ClInclude>
    <ClInclude Include="src\Physics\Joints\RevoluteJoint.h">
      <Filter>Fichiers d%27en-tête\Physics\Joints</Filter>
    </ClInclude>
    <ClInclude Include="src\Physics\Joints\FrictionJoint.h">
      <Filter>Fichiers d%27en-tête\Physics\Joints</Filter>
    </ClInclude>
    <ClInclude Include="src\Physics\Joints\GearJoint.h">
      <Filter>Fichiers d%27en-tête\Physics\Joints</Filter>
    </ClInclude>
    <ClInclude Include="src\Physics\Joints\PrismaticJoint.h">
      <Filter>Fichiers d%27en-tête\Physics\Joints</Filter>
    </ClInclude>
    <ClInclude Include="src\Physics\Joints\PulleyJoint.h">
      <Filter>Fichiers d%27en-tête\Physics\Joints</Filter>
    </ClInclude>
    <ClInclude Include="src\Physics\Joints\RopeJoint.h">
      <Filter>Fichiers d%27en-tête\Physics\Joints</Filter>
    </ClInclude>
    <ClInclude Include="src\Physics\Joints\WeldJoint.h">
      <Filter>Fichiers d%27en-tête\Physics\Joints</Filter>
    </ClInclude>
    <ClInclude Include="src\Physics\Joints\WheelJoint.h">
      <Filter>Fichiers d%27en-tête\Physics\Joints</Filter>
    </ClInclude>
    <ClInclude Include="src\Physics\ContactListener.h">
      <Filter>Fichiers d%27en-tête\Physics</Filter>
    </ClInclude>
    <ClInclude Include="src\Tools\Singleton.h">
      <Filter>Fichiers d%27en-tête\Tools</Filter>
    </ClInclude>
    <ClInclude Include="src\Tools\NonCopyable.h">
      <Filter>Fichiers d%27en-tête\Tools</Filter>
    </ClInclude>
    <ClInclude Include="src\Resources\ResourceManager.h">
      <Filter>Fichiers d%27en-tête\Resources</Filter>
    </ClInclude>
    <ClInclude Include="src\Tools\utils.h">
      <Filter>Fichiers d%27en-tête\Tools</Filter>
    </ClInclude>
    <ClInclude Include="src\Level\LevelLoader.h">
      <Filter>Fichiers d%27en-tête\Level</Filter>
    </ClInclude>
    <ClInclude Include="src\Tools\Loader.h">
      <Filter>Fichiers d%27en-tête\Tools</Filter>
    </ClInclude>
    <ClInclude Include="src\Tools\Dialog.h">
      <Filter>Fichiers d%27en-tête\Tools</Filter>
    </ClInclude>
    <ClInclude Include="src\Tools\Parser.h">
      <Filter>Fichiers d%27en-tête\Tools</Filter>
    </ClInclude>
    <ClInclude Include="src\Sounds\SoundManager.h">
      <Filter>Fichiers d%27en-tête\Sounds</Filter>
    </ClInclude>
    <ClInclude Include="src\App\App.h">
      <Filter>Fichiers d%27en-tête\App</Filter>
    </ClInclude>
    <ClInclude Include="src\App\States\State.h">
      <Filter>Fichiers d%27en-tête\App\States</Filter>
    </ClInclude>
    <ClInclude Include="src\App\States\StartUp.h">
      <Filter>Fichiers d%27en-tête\App\States</Filter>
    </ClInclude>
    <ClInclude Include="src\App\States\StateSystem.h">
      <Filter>Fichiers d%27en-tête\App\States</Filter>
    </ClInclude>
    <ClInclude Include="src\App\States\MainMenu.h">
      <Filter>Fichiers d%27en-tête\App\States</Filter>
    </ClInclude>
    <ClInclude Include="src\App\States\DevGame.h">
      <Filter>Fichiers d%27en-tête\App\States</Filter>
    </ClInclude>
    <ClInclude Include="src\Game\Box2DGame.h">
      <Filter>Fichiers d%27en-tête\Game</Filter>
    </ClInclude>
    <ClInclude Include="src\Entities\Entity.h">
      <Filter>Fichiers d%27en-tête\Entities</Filter>
    </ClInclude>
    <ClInclude Include="src\Entities\Deco.h">
      <Filter>Fichiers d%27en-tête\Entities</Filter>
    </ClInclude>
    <ClInclude Include="src\Entities\EntityManager.h">
      <Filter>Fichiers d%27en-tête\Entities</Filter>
    </ClInclude>
    <ClInclude Include="src\Entities\LivingBeing.h">
      <Filter>Fichiers d%27en-tête\Entities</Filter>
    </ClInclude>
    <ClInclude Include="src\Resources\AnimatedSprite.h">
      <Filter>Fichiers d%27en-tête\Resources</Filter>
    </ClInclude>
    <ClInclude Include="src\Entities\Player.h">
      <Filter>Fichiers d%27en-tête\Entities</Filter>
    </ClInclude>
    <ClInclude Include="src\Physics\Joint.h">
      <Filter>Fichiers d%27en-tête\Physics</Filter>
    </ClInclude>
    <ClInclude Include="src\Physics\Callback\AABBCallback.h">
      <Filter>Fichiers d%27en-tête\Physics\Callback</Filter>
    </ClInclude>
    <ClInclude Include="src\Physics\Callback\FirstBodyRaycastCallback.h">
      <Filter>Fichiers d%27en-tête\Physics\Callback</Filter>
    </ClInclude>
    <ClInclude Include="src\Physics\Callback\PointCallback.h">
      <Filter>Fichiers d%27en-tête\Physics\Callback</Filter>
    </ClInclude>
    <ClInclude Include="src\Physics\PhysicManager.h">
      <Filter>Fichiers d%27en-tête\Physics</Filter>
    </ClInclude>
    <ClInclude Include="src\Entities\BasicBody.h">
      <Filter>Fichiers d%27en-tête\Entities</Filter>
    </ClInclude>
    <ClInclude Include="src\Entities\Grapnel.h">
      <Filter>Fichiers d%27en-tête\Entities</Filter>
    </ClInclude>
    <ClInclude Include="src\Physics\DebugDraw.h">
      <Filter>Fichiers d%27en-tête\Physics</Filter>
    </ClInclude>
    <ClInclude Include="src\Entities\EntityFactory.h">
      <Filter>Fichiers d%27en-tête\Entities</Filter>
    </ClInclude>
    <ClInclude Include="src\Game\InputManager.h">
      <Filter>Fichiers d%27en-tête\Game</Filter>
    </ClInclude>
    <ClInclude Include="src\Game\LuaMachine.h">
      <Filter>Fichiers d%27en-tête\Game</Filter>
    </ClInclude>
    <ClInclude Include="src\Physics\JointFactory.h">
      <Filter>Fichiers d%27en-tête\Physics</Filter>
    </ClInclude>
    <ClInclude Include="src\Level\LevelManager.h">
      <Filter>Fichiers d%27en-tête\Level</Filter>
    </ClInclude>
    <ClInclude Include="src\Tools\Error.h">
      <Filter>Fichiers d%27en-tête\Tools</Filter>
    </ClInclude>
    <ClInclude Include="src\Level\TriggersManager.h">
      <Filter>Fichiers d%27en-tête\Level</Filter>
    </ClInclude>
    <ClInclude Include="src\Physics\Callback\AABBListCallback.h">
      <Filter>Fichiers d%27en-tête\Physics\Callback</Filter>
    </ClInclude>
    <ClInclude Include="src\Level\LevelSaver.h">
      <Filter>Fichiers d%27en-tête\Level</Filter>
    </ClInclude>
    <ClInclude Include="src\Tools\Saver.h">
      <Filter>Fichiers d%27en-tête\Tools</Filter>
    </ClInclude>
    <ClInclude Include="src\Resources\Texture.h">
      <Filter>Fichiers d%27en-tête\Resources</Filter>
    </ClInclude>
    <ClInclude Include="src\Editor\EditBox.h">
      <Filter>Fichiers d%27en-tête\Editor</Filter>
    </ClInclude>
    <ClInclude Include="src\Level\LuaAction.h">
      <Filter>Fichiers d%27en-tête\Level</Filter>
    </ClInclude>
  </ItemGroup>
</Project>