<?xml version="1.0" encoding="UTF-8" standalone="yes" ?>
<CodeBlocks_project_file>
	<FileVersion major="1" minor="6" />
	<Project>
		<Option title="InverseWayLiberation" />
		<Option pch_mode="2" />
		<Option compiler="gcc" />
		<Build>
			<Target title="Release">
				<Option output="bin\Release\InverseWayLiberation" prefix_auto="1" extension_auto="1" />
				<Option object_output="obj\Release\" />
				<Option type="1" />
				<Option compiler="gcc" />
				<Compiler>
					<Add option="-O2" />
				</Compiler>
				<Linker>
					<Add option="-s" />
				</Linker>
			</Target>
		</Build>
		<Compiler>
			<Add option="-Wall" />
		</Compiler>
		<Unit filename="..\README.txt" />
		<Unit filename="src\Box2DGame.cpp" />
		<Unit filename="src\Box2DGame.h" />
		<Unit filename="src\ConfigReader.cpp" />
		<Unit filename="src\ConfigReader.h" />
		<Unit filename="src\Dialog.cpp" />
		<Unit filename="src\Dialog.h" />
		<Unit filename="src\Game.cpp" />
		<Unit filename="src\Game.h" />
		<Unit filename="src\Level.cpp" />
		<Unit filename="src\Level.h" />
		<Unit filename="src\LevelLoader.cpp" />
		<Unit filename="src\LevelLoader.h" />
		<Unit filename="src\Parser.cpp" />
		<Unit filename="src\Parser.h" />
		<Unit filename="src\Physics\Bodies\Body.cpp" />
		<Unit filename="src\Physics\Bodies\Body.h" />
		<Unit filename="src\Physics\Bodies\DynamicBox.cpp" />
		<Unit filename="src\Physics\Bodies\DynamicBox.h" />
		<Unit filename="src\Physics\Bodies\DynamicCircle.cpp" />
		<Unit filename="src\Physics\Bodies\DynamicCircle.h" />
		<Unit filename="src\Physics\Bodies\KinematicBox.cpp" />
		<Unit filename="src\Physics\Bodies\KinematicBox.h" />
		<Unit filename="src\Physics\Bodies\StaticBox.cpp" />
		<Unit filename="src\Physics\Bodies\StaticBox.h" />
		<Unit filename="src\Physics\FirstBodyRaycastCallback.h" />
		<Unit filename="src\Physics\Joints\DistanceJoint.cpp" />
		<Unit filename="src\Physics\Joints\DistanceJoint.h" />
		<Unit filename="src\Physics\Joints\FrictionJoint.cpp" />
		<Unit filename="src\Physics\Joints\FrictionJoint.h" />
		<Unit filename="src\Physics\Joints\GearJoint.cpp" />
		<Unit filename="src\Physics\Joints\GearJoint.h" />
		<Unit filename="src\Physics\Joints\Joint.cpp" />
		<Unit filename="src\Physics\Joints\Joint.h" />
		<Unit filename="src\Physics\Joints\MouseJoint.cpp" />
		<Unit filename="src\Physics\Joints\MouseJoint.h" />
		<Unit filename="src\Physics\Joints\PrismaticJoint.cpp" />
		<Unit filename="src\Physics\Joints\PrismaticJoint.h" />
		<Unit filename="src\Physics\Joints\PulleyJoint.cpp" />
		<Unit filename="src\Physics\Joints\PulleyJoint.h" />
		<Unit filename="src\Physics\Joints\RevoluteJoint.cpp" />
		<Unit filename="src\Physics\Joints\RevoluteJoint.h" />
		<Unit filename="src\Physics\Joints\RopeJoint.cpp" />
		<Unit filename="src\Physics\Joints\RopeJoint.h" />
		<Unit filename="src\Physics\Joints\WeldJoint.cpp" />
		<Unit filename="src\Physics\Joints\WeldJoint.h" />
		<Unit filename="src\Physics\Joints\WheelJoint.cpp" />
		<Unit filename="src\Physics\Joints\WheelJoint.h" />
		<Unit filename="src\Physics\OverlappingBodyCallback.h" />
		<Unit filename="src\Physics\Ragdoll.cpp" />
		<Unit filename="src\Physics\Ragdoll.h" />
		<Unit filename="src\Physics\World.cpp" />
		<Unit filename="src\Physics\World.h" />
		<Unit filename="src\_TODO.txt" />
		<Unit filename="src\main.cpp" />
		<Unit filename="src\utils.h" />
		<Extensions>
			<code_completion />
			<envvars />
			<debugger />
			<lib_finder disable_auto="1" />
		</Extensions>
	</Project>
</CodeBlocks_project_file>
